
Microsoft Visual Studio Solution File, Format Version 12.00
# Visual Studio 15
Project("{FAE04EC0-301F-11D3-BF4B-00C04F79EFBC}") = "Assembly-CSharp", "Assembly-CSharp.csproj", "{CC80923D-1C1B-DE53-BBA8-6818B809FD44}"
EndProject
Project("{FAE04EC0-301F-11D3-BF4B-00C04F79EFBC}") = "Assembly-CSharp-Editor", "Assembly-CSharp-Editor.csproj", "{369A5960-1537-A87D-099A-4AEB6D6E3E5A}"
EndProject
Global
	GlobalSection(SolutionConfigurationPlatforms) = preSolution
		Debug|Any CPU = Debug|Any CPU
		Release|Any CPU = Release|Any CPU
	EndGlobalSection
	GlobalSection(ProjectConfigurationPlatforms) = postSolution
		{CC80923D-1C1B-DE53-BBA8-6818B809FD44}.Debug|Any CPU.ActiveCfg = Debug|Any CPU
		{CC80923D-1C1B-DE53-BBA8-6818B809FD44}.Debug|Any CPU.Build.0 = Debug|Any CPU
		{CC80923D-1C1B-DE53-BBA8-6818B809FD44}.Release|Any CPU.ActiveCfg = Release|Any CPU
		{CC80923D-1C1B-DE53-BBA8-6818B809FD44}.Release|Any CPU.Build.0 = Release|Any CPU
		{369A5960-1537-A87D-099A-4AEB6D6E3E5A}.Debug|Any CPU.ActiveCfg = Debug|Any CPU
		{369A5960-1537-A87D-099A-4AEB6D6E3E5A}.Debug|Any CPU.Build.0 = Debug|Any CPU
		{369A5960-1537-A87D-099A-4AEB6D6E3E5A}.Release|Any CPU.ActiveCfg = Release|Any CPU
		{369A5960-1537-A87D-099A-4AEB6D6E3E5A}.Release|Any CPU.Build.0 = Release|Any CPU
	EndGlobalSection
	GlobalSection(SolutionProperties) = preSolution
		HideSolutionNode = FALSE
	EndGlobalSection
EndGlobal
